
Microsoft Visual Studio Solution File, Format Version 12.00
# Visual Studio Version 17
VisualStudioVersion = 17.13.35913.81 d17.13
MinimumVisualStudioVersion = 10.0.40219.1
Project("{FAE04EC0-301F-11D3-BF4B-00C04F79EFBC}") = "Budget", "Budget\Budget.csproj", "{D7D20C5D-CD28-4A45-8C1D-2C2FE68682BA}"
EndProject
Global
	GlobalSection(SolutionConfigurationPlatforms) = preSolution
		Debug|Any CPU = Debug|Any CPU
		Release|Any CPU = Release|Any CPU
	EndGlobalSection
	GlobalSection(ProjectConfigurationPlatforms) = postSolution
		{D7D20C5D-CD28-4A45-8C1D-2C2FE68682BA}.Debug|Any CPU.ActiveCfg = Debug|Any CPU
		{D7D20C5D-CD28-4A45-8C1D-2C2FE68682BA}.Debug|Any CPU.Build.0 = Debug|Any CPU
		{D7D20C5D-CD28-4A45-8C1D-2C2FE68682BA}.Release|Any CPU.ActiveCfg = Release|Any CPU
		{D7D20C5D-CD28-4A45-8C1D-2C2FE68682BA}.Release|Any CPU.Build.0 = Release|Any CPU
	EndGlobalSection
	GlobalSection(SolutionProperties) = preSolution
		HideSolutionNode = FALSE
	EndGlobalSection
	GlobalSection(ExtensibilityGlobals) = postSolution
		SolutionGuid = {014E753B-76F0-4205-8732-5D7881418B20}
	EndGlobalSection
EndGlobal
